{
  "object": {
    "pins": [
      {
        "package": "CHttpParser",
        "repositoryURL": "https://github.com/IBM-Swift/CHTTPParser.git",
        "state": {
          "branch": null,
          "revision": "41daabbb120ef34302a63e95f8af51137260e997",
          "version": "0.1.1"
        }
      },
      {
        "package": "Socket",
        "repositoryURL": "https://github.com/IBM-Swift/BlueSocket.git",
        "state": {
          "branch": null,
          "revision": "21f3abdf658e73b44b5cef658661fa8aea506930",
          "version": "0.12.53"
        }
      }
    ]
  },
  "version": 1
}
